
Microsoft Visual Studio Solution File, Format Version 12.00
# Visual Studio Version 17
VisualStudioVersion = 17.0.31912.275
MinimumVisualStudioVersion = 10.0.40219.1
Project("{9A19103F-16F7-4668-BE54-9A1E7A4F7556}") = "SparkPostFun", "SparkPostFun\SparkPostFun.csproj", "{8E40954B-9432-4906-ABB1-3121A115ACF9}"
EndProject
Project("{FAE04EC0-301F-11D3-BF4B-00C04F79EFBC}") = "SparkPostFun.Tests", "SparkPostFun.Tests\SparkPostFun.Tests.csproj", "{E4DABF81-F318-4FCE-AA85-C40E2A616D05}"
EndProject
Global
	GlobalSection(SolutionConfigurationPlatforms) = preSolution
		Debug|Any CPU = Debug|Any CPU
		Release|Any CPU = Release|Any CPU
	EndGlobalSection
	GlobalSection(ProjectConfigurationPlatforms) = postSolution
		{8E40954B-9432-4906-ABB1-3121A115ACF9}.Debug|Any CPU.ActiveCfg = Debug|Any CPU
		{8E40954B-9432-4906-ABB1-3121A115ACF9}.Debug|Any CPU.Build.0 = Debug|Any CPU
		{8E40954B-9432-4906-ABB1-3121A115ACF9}.Release|Any CPU.ActiveCfg = Release|Any CPU
		{8E40954B-9432-4906-ABB1-3121A115ACF9}.Release|Any CPU.Build.0 = Release|Any CPU
		{E4DABF81-F318-4FCE-AA85-C40E2A616D05}.Debug|Any CPU.ActiveCfg = Debug|Any CPU
		{E4DABF81-F318-4FCE-AA85-C40E2A616D05}.Debug|Any CPU.Build.0 = Debug|Any CPU
		{E4DABF81-F318-4FCE-AA85-C40E2A616D05}.Release|Any CPU.ActiveCfg = Release|Any CPU
		{E4DABF81-F318-4FCE-AA85-C40E2A616D05}.Release|Any CPU.Build.0 = Release|Any CPU
	EndGlobalSection
	GlobalSection(SolutionProperties) = preSolution
		HideSolutionNode = FALSE
	EndGlobalSection
	GlobalSection(ExtensibilityGlobals) = postSolution
		SolutionGuid = {63854604-B4AE-4FBA-A46D-60A665F19E46}
	EndGlobalSection
EndGlobal
